
Microsoft Visual Studio Solution File, Format Version 12.00
# Visual Studio Version 16
VisualStudioVersion = 16.0.29806.167
MinimumVisualStudioVersion = 10.0.40219.1
Project("{FAE04EC0-301F-11D3-BF4B-00C04F79EFBC}") = "codeRule1", "codeRule1\codeRule1.csproj", "{90C986FE-A8E8-416D-BA95-E27D3C6CA475}"
EndProject
Global
	GlobalSection(SolutionConfigurationPlatforms) = preSolution
		Debug|Any CPU = Debug|Any CPU
		Release|Any CPU = Release|Any CPU
	EndGlobalSection
	GlobalSection(ProjectConfigurationPlatforms) = postSolution
		{90C986FE-A8E8-416D-BA95-E27D3C6CA475}.Debug|Any CPU.ActiveCfg = Debug|Any CPU
		{90C986FE-A8E8-416D-BA95-E27D3C6CA475}.Debug|Any CPU.Build.0 = Debug|Any CPU
		{90C986FE-A8E8-416D-BA95-E27D3C6CA475}.Release|Any CPU.ActiveCfg = Release|Any CPU
		{90C986FE-A8E8-416D-BA95-E27D3C6CA475}.Release|Any CPU.Build.0 = Release|Any CPU
	EndGlobalSection
	GlobalSection(SolutionProperties) = preSolution
		HideSolutionNode = FALSE
	EndGlobalSection
	GlobalSection(ExtensibilityGlobals) = postSolution
		SolutionGuid = {93D6EA21-C2A1-46FF-8ADE-98D372D746D0}
	EndGlobalSection
EndGlobal
